
Microsoft Visual Studio Solution File, Format Version 12.00
# Visual Studio 15
VisualStudioVersion = 15.0.26403.7
MinimumVisualStudioVersion = 10.0.40219.1
Project("{FAE04EC0-301F-11D3-BF4B-00C04F79EFBC}") = "BackendBot", "BackendBot.csproj", "{A8BA1066-5695-4D71-ABB4-65E5A5E0C3D4}"
EndProject
Project("{2150E333-8FDC-42A3-9474-1A3956D46DE8}") = "FunctionalTests", "FunctionalTests", "{05EFDFD0-592C-478F-8141-7AE782D7A58D}"
EndProject
Project("{2150E333-8FDC-42A3-9474-1A3956D46DE8}") = "Tests", "Tests", "{5734D293-8793-48D5-A11F-95B51FEDC417}"
EndProject
Project("{FAE04EC0-301F-11D3-BF4B-00C04F79EFBC}") = "BackendBot.Tests", "..\BackendBot.Tests\BackendBot.Tests.csproj", "{806A8E46-9A22-48D8-97F7-1FE5FB4BC83B}"
EndProject
Project("{FAE04EC0-301F-11D3-BF4B-00C04F79EFBC}") = "BackendBot.FunctionalTests", "..\BackendBot.FunctionalTests\BackendBot.FunctionalTests.csproj", "{E3BA55A5-F04A-49A4-838A-FFA9E0376BCE}"
EndProject
Global
	GlobalSection(SolutionConfigurationPlatforms) = preSolution
		Debug|Any CPU = Debug|Any CPU
		Release|Any CPU = Release|Any CPU
	EndGlobalSection
	GlobalSection(ProjectConfigurationPlatforms) = postSolution
		{A8BA1066-5695-4D71-ABB4-65E5A5E0C3D4}.Debug|Any CPU.ActiveCfg = Debug|Any CPU
		{A8BA1066-5695-4D71-ABB4-65E5A5E0C3D4}.Debug|Any CPU.Build.0 = Debug|Any CPU
		{A8BA1066-5695-4D71-ABB4-65E5A5E0C3D4}.Release|Any CPU.ActiveCfg = Release|Any CPU
		{A8BA1066-5695-4D71-ABB4-65E5A5E0C3D4}.Release|Any CPU.Build.0 = Release|Any CPU
		{806A8E46-9A22-48D8-97F7-1FE5FB4BC83B}.Debug|Any CPU.ActiveCfg = Debug|Any CPU
		{806A8E46-9A22-48D8-97F7-1FE5FB4BC83B}.Debug|Any CPU.Build.0 = Debug|Any CPU
		{806A8E46-9A22-48D8-97F7-1FE5FB4BC83B}.Release|Any CPU.ActiveCfg = Release|Any CPU
		{806A8E46-9A22-48D8-97F7-1FE5FB4BC83B}.Release|Any CPU.Build.0 = Release|Any CPU
		{E3BA55A5-F04A-49A4-838A-FFA9E0376BCE}.Debug|Any CPU.ActiveCfg = Debug|Any CPU
		{E3BA55A5-F04A-49A4-838A-FFA9E0376BCE}.Debug|Any CPU.Build.0 = Debug|Any CPU
		{E3BA55A5-F04A-49A4-838A-FFA9E0376BCE}.Release|Any CPU.ActiveCfg = Release|Any CPU
		{E3BA55A5-F04A-49A4-838A-FFA9E0376BCE}.Release|Any CPU.Build.0 = Release|Any CPU
	EndGlobalSection
	GlobalSection(SolutionProperties) = preSolution
		HideSolutionNode = FALSE
	EndGlobalSection
	GlobalSection(NestedProjects) = preSolution
		{806A8E46-9A22-48D8-97F7-1FE5FB4BC83B} = {5734D293-8793-48D5-A11F-95B51FEDC417}
		{E3BA55A5-F04A-49A4-838A-FFA9E0376BCE} = {05EFDFD0-592C-478F-8141-7AE782D7A58D}
	EndGlobalSection
EndGlobal
